
Microsoft Visual Studio Solution File, Format Version 12.00
# Visual Studio 15
VisualStudioVersion = 15.0.28307.572
MinimumVisualStudioVersion = 10.0.40219.1
Project("{888888A0-9F3D-457C-B088-3A5042F75D52}") = "Pythom", "Pythom\Pythom.pyproj", "{ADF9B6F6-8E96-4307-B43D-ADEDD56168BD}"
EndProject
Global
	GlobalSection(SolutionConfigurationPlatforms) = preSolution
		Debug|Any CPU = Debug|Any CPU
		Release|Any CPU = Release|Any CPU
	EndGlobalSection
	GlobalSection(ProjectConfigurationPlatforms) = postSolution
		{ADF9B6F6-8E96-4307-B43D-ADEDD56168BD}.Debug|Any CPU.ActiveCfg = Debug|Any CPU
		{ADF9B6F6-8E96-4307-B43D-ADEDD56168BD}.Release|Any CPU.ActiveCfg = Release|Any CPU
	EndGlobalSection
	GlobalSection(SolutionProperties) = preSolution
		HideSolutionNode = FALSE
	EndGlobalSection
	GlobalSection(ExtensibilityGlobals) = postSolution
		SolutionGuid = {86C17221-C8F4-49B5-BAB3-30DEFA918D62}
	EndGlobalSection
EndGlobal
